{
  "name": "websynth",
  "lockfileVersion": 3,
  "requires": true,
  "packages": {
    "": {
      "dependencies": {
        "idb-keyval": "^6.2.1",
        "mitt": "^3.0.1"
      }
    },
    "node_modules/idb-keyval": {
      "version": "6.2.1",
      "resolved": "https://registry.npmjs.org/idb-keyval/-/idb-keyval-6.2.1.tgz",
      "integrity": "sha512-8Sb3veuYCyrZL+VBt9LJfZjLUPWVvqn8tG28VqYNFCo43KHcKuq+b4EiXGeuaLAQWL2YmyDgMp2aSpH9JHsEQg=="
    },
    "node_modules/mitt": {
      "version": "3.0.1",
      "resolved": "https://registry.npmjs.org/mitt/-/mitt-3.0.1.tgz",
      "integrity": "sha512-vKivATfr97l2/QBCYAkXYDbrIWPM2IIKEl7YPhjCvKlG3kE2gm+uBo6nEXK3M5/Ffh/FLpKExzOQ3JJoJGFKBw=="
    }
  }
}
